
Microsoft Visual Studio Solution File, Format Version 12.00
# Visual Studio Version 17
VisualStudioVersion = 17.5.002.0
MinimumVisualStudioVersion = 10.0.40219.1
Project("{9A19103F-16F7-4668-BE54-9A1E7A4F7556}") = "websocket-client", "websocket-client\websocket-client.csproj", "{7653D6E1-3B85-4380-BE22-EACFDE8F02A1}"
EndProject
Global
	GlobalSection(SolutionConfigurationPlatforms) = preSolution
		Debug|Any CPU = Debug|Any CPU
		Release|Any CPU = Release|Any CPU
	EndGlobalSection
	GlobalSection(ProjectConfigurationPlatforms) = postSolution
		{7653D6E1-3B85-4380-BE22-EACFDE8F02A1}.Debug|Any CPU.ActiveCfg = Debug|Any CPU
		{7653D6E1-3B85-4380-BE22-EACFDE8F02A1}.Debug|Any CPU.Build.0 = Debug|Any CPU
		{7653D6E1-3B85-4380-BE22-EACFDE8F02A1}.Release|Any CPU.ActiveCfg = Release|Any CPU
		{7653D6E1-3B85-4380-BE22-EACFDE8F02A1}.Release|Any CPU.Build.0 = Release|Any CPU
	EndGlobalSection
	GlobalSection(SolutionProperties) = preSolution
		HideSolutionNode = FALSE
	EndGlobalSection
	GlobalSection(ExtensibilityGlobals) = postSolution
		SolutionGuid = {14F07D0F-C384-451D-9BD9-5E199343B14B}
	EndGlobalSection
EndGlobal
